github.com/census-instrumentation/opencensus-proto v0.4.1 h1:iKLQ0xPNFxR/2hzXZMrBo8f1j86j5WHzznCCQxV/b8g=
github.com/cncf/xds/go v0.0.0-20231128003011-0fa0005c9caa h1:jQCWAUqqlij9Pgj2i/PB79y4KOPYVyFYdROxgaCwdTQ=
github.com/envoyproxy/go-control-plane v0.12.0 h1:4X+VP1GHd1Mhj6IB5mMeGbLCleqxjletLK6K0rbxyZI=
github.com/envoyproxy/protoc-gen-validate v1.0.4 h1:gVPz/FMfvh57HdSJQyvBtF00j8JU4zdyUgIUNhlgg0A=
github.com/golang/protobuf v1.5.3 h1:KhyjKVUg7Usr/dYsdSqoFveMYd5ko72D+zANwlG1mmg=
github.com/google/go-cmp v0.6.0 h1:ofyhxvXcZhMsU5ulbFiLKl/XBFqE1GSq7atu8tAmTRI=
golang.org/x/net v0.21.0 h1:AQyQV4dYCvJ7vGmJyKki9+PBdyvhkSd8EIx/qb0AYv4=
golang.org/x/sys v0.17.0 h1:25cE3gD+tdBA7lp7QfhuV+rJiE9YXTcS3VG1SqssI/Y=
golang.org/x/text v0.14.0 h1:ScX5w1eTa3QqT8oi6+ziP7dTV1S2+ALU0bI+0zXKWiQ=
google.golang.org/genproto/googleapis/api v0.0.0-20240125205218-1f4bbc51befe h1:0poefMBYvYbs7g5UkjS6HcxBPaTRAmznle9jnxYoAI8=
google.golang.org/genproto/googleapis/rpc v0.0.0-20240213162025-012b6fc9bca9 h1:hZB7eLIaYlW9qXRfCq/qDaPdbeY3757uARz5Vvfv+cY=
google.golang.org/grpc v1.62.0 h1:HQKZ/fa1bXkX1oFOvSjmZEUL8wLSaZTjCcLAlmZRtdk=
google.golang.org/protobuf v1.32.0 h1:pPC6BG5ex8PDFnkbrGU3EixyhKcQ2aDuBS36lqK/C7I=
